
Microsoft Visual Studio Solution File, Format Version 12.00
# Visual Studio Version 17
VisualStudioVersion = 17.5.002.0
MinimumVisualStudioVersion = 10.0.40219.1
Project("{9A19103F-16F7-4668-BE54-9A1E7A4F7556}") = "helloworld-dotnet", "helloworld-dotnet.csproj", "{0EE38D53-1A63-4DF9-A856-DD5634E74C15}"
EndProject
Global
	GlobalSection(SolutionConfigurationPlatforms) = preSolution
		Debug|Any CPU = Debug|Any CPU
		Release|Any CPU = Release|Any CPU
	EndGlobalSection
	GlobalSection(ProjectConfigurationPlatforms) = postSolution
		{0EE38D53-1A63-4DF9-A856-DD5634E74C15}.Debug|Any CPU.ActiveCfg = Debug|Any CPU
		{0EE38D53-1A63-4DF9-A856-DD5634E74C15}.Debug|Any CPU.Build.0 = Debug|Any CPU
		{0EE38D53-1A63-4DF9-A856-DD5634E74C15}.Release|Any CPU.ActiveCfg = Release|Any CPU
		{0EE38D53-1A63-4DF9-A856-DD5634E74C15}.Release|Any CPU.Build.0 = Release|Any CPU
	EndGlobalSection
	GlobalSection(SolutionProperties) = preSolution
		HideSolutionNode = FALSE
	EndGlobalSection
	GlobalSection(ExtensibilityGlobals) = postSolution
		SolutionGuid = {08F93BAA-DE68-4A47-BA4B-A2362B777D5F}
	EndGlobalSection
EndGlobal
